# This file was autogenerated by Stack.
# You should not edit this file by hand.
# For more information, please see the documentation at:
#   https://docs.haskellstack.org/en/stable/lock_files

packages:
- completed:
    hackage: csound-expression-5.4.3@sha256:59519758fa4fe7d875c065f4f1ca5eff4b773e3c0b6f7a844ce8f8719c424496,4550
    pantry-tree:
      size: 4724
      sha256: cc19b5d460d31b82e14665c229e5b632a76439fe830e5ce2582670f35d268c92
  original:
    hackage: csound-expression-5.4.3@sha256:59519758fa4fe7d875c065f4f1ca5eff4b773e3c0b6f7a844ce8f8719c424496,4550
- completed:
    hackage: csound-expression-dynamic-0.3.9@sha256:91d2ef10c5f73eac9343b9c8a442b0682815540dd7c5f047a029d21c3de38d4c,1454
    pantry-tree:
      size: 1266
      sha256: 0981df93f9a659025c5a7d448ea998755b89b1cffb4f5b1f1ecec70e93a0ea59
  original:
    hackage: csound-expression-dynamic-0.3.9@sha256:91d2ef10c5f73eac9343b9c8a442b0682815540dd7c5f047a029d21c3de38d4c,1454
- completed:
    hackage: csound-expression-opcodes-0.0.5.1@sha256:f08f4c7b46eca6961ec15de5c0311f5ea53ee4622dca43f4747d7ccfe535d8ba,1635
    pantry-tree:
      size: 2270
      sha256: 117ff290661ef8c76aec393063658c078b09c5afb75071f59f128a65ceba4efa
  original:
    hackage: csound-expression-opcodes-0.0.5.1@sha256:f08f4c7b46eca6961ec15de5c0311f5ea53ee4622dca43f4747d7ccfe535d8ba,1635
- completed:
    hackage: csound-expression-typed-0.2.7@sha256:1f16a4af707e882f788f4b457fd6a68ae354c1869af9480a20d7281288a9c205,4526
    pantry-tree:
      size: 7374
      sha256: 9a5569a64c8c25133a8a3b36c34d98f264d0565f206ee75968e67976c987c49c
  original:
    hackage: csound-expression-typed-0.2.7@sha256:1f16a4af707e882f788f4b457fd6a68ae354c1869af9480a20d7281288a9c205,4526
- completed:
    hackage: temporal-media-0.6.3@sha256:7a27d711a786c3dc9163433627e51efcc4b3fce3a947b71c29f3e388f37cae59,857
    pantry-tree:
      size: 282
      sha256: 97120e833d668b1b319d80c45c79c410df18907d069e00f8ca070cf1f1e68996
  original:
    hackage: temporal-media-0.6.3@sha256:7a27d711a786c3dc9163433627e51efcc4b3fce3a947b71c29f3e388f37cae59,857
- completed:
    hackage: data-fix-cse-0.0.3@sha256:c29b23ed2d321e11314599d7a9b8a9d67d5f5dc1206d5665b3408a7d826a8bdc,1000
    pantry-tree:
      size: 503
      sha256: 970eba7722f815b50034ea7a031df3a2254aa1aecc15b2571219cf2a81f567dc
  original:
    hackage: data-fix-cse-0.0.3@sha256:c29b23ed2d321e11314599d7a9b8a9d67d5f5dc1206d5665b3408a7d826a8bdc,1000
- completed:
    hackage: wl-pprint-1.2.1@sha256:aea676cff4a062d7d912149d270e33f5bb0c01b68a9db46ff13b438141ff4b7c,734
    pantry-tree:
      size: 221
      sha256: 750b375c6fc33400551f9e32e26e41844c372270a9bc3571e912fa36df7c6d4f
  original:
    hackage: wl-pprint-1.2.1@sha256:aea676cff4a062d7d912149d270e33f5bb0c01b68a9db46ff13b438141ff4b7c,734
snapshots:
- completed:
    size: 586110
    url: https://raw.githubusercontent.com/commercialhaskell/stackage-snapshots/master/lts/18/21.yaml
    sha256: ce4fb8d44f3c6c6032060a02e0ebb1bd29937c9a70101c1517b92a87d9515160
  original:
    url: https://raw.githubusercontent.com/commercialhaskell/stackage-snapshots/master/lts/18/21.yaml
